
Microsoft Visual Studio Solution File, Format Version 12.00
Project("{2150E333-8FDC-42A3-9474-1A3956D46DE8}") = "demo", "demo", "{59119EEE-6014-4027-869B-BC81DE19D0B8}"
EndProject
Project("{2150E333-8FDC-42A3-9474-1A3956D46DE8}") = "src", "src", "{1870A907-7094-4F67-9140-C365A487DEFC}"
EndProject
Project("{2150E333-8FDC-42A3-9474-1A3956D46DE8}") = "tests", "tests", "{FDDC1939-C026-4277-B19D-379748E0E74D}"
EndProject
Project("{FAE04EC0-301F-11D3-BF4B-00C04F79EFBC}") = "App", "src\App\App.csproj", "{6537CA0A-1D6F-4213-AE3B-43043A490A65}"
EndProject
Global
	GlobalSection(SolutionConfigurationPlatforms) = preSolution
		Debug|Any CPU = Debug|Any CPU
		Release|Any CPU = Release|Any CPU
	EndGlobalSection
	GlobalSection(ProjectConfigurationPlatforms) = postSolution
		{6537CA0A-1D6F-4213-AE3B-43043A490A65}.Debug|Any CPU.ActiveCfg = Debug|Any CPU
		{6537CA0A-1D6F-4213-AE3B-43043A490A65}.Debug|Any CPU.Build.0 = Debug|Any CPU
		{6537CA0A-1D6F-4213-AE3B-43043A490A65}.Release|Any CPU.ActiveCfg = Release|Any CPU
		{6537CA0A-1D6F-4213-AE3B-43043A490A65}.Release|Any CPU.Build.0 = Release|Any CPU
	EndGlobalSection
	GlobalSection(NestedProjects) = preSolution
		{6537CA0A-1D6F-4213-AE3B-43043A490A65} = {1870A907-7094-4F67-9140-C365A487DEFC}
	EndGlobalSection
EndGlobal
