
Microsoft Visual Studio Solution File, Format Version 12.00
Project("{2150E333-8FDC-42A3-9474-1A3956D46DE8}") = "demo", "demo", "{59119EEE-6014-4027-869B-BC81DE19D0B8}"
EndProject
Project("{2150E333-8FDC-42A3-9474-1A3956D46DE8}") = "src", "src", "{1870A907-7094-4F67-9140-C365A487DEFC}"
EndProject
Project("{2150E333-8FDC-42A3-9474-1A3956D46DE8}") = "tests", "tests", "{FDDC1939-C026-4277-B19D-379748E0E74D}"
EndProject
Project("{FAE04EC0-301F-11D3-BF4B-00C04F79EFBC}") = "App", "src\App\App.csproj", "{6537CA0A-1D6F-4213-AE3B-43043A490A65}"
EndProject
Project("{FAE04EC0-301F-11D3-BF4B-00C04F79EFBC}") = "App.Tasks.Generator", "src\App.Tasks.Generator\App.Tasks.Generator.csproj", "{8EB66D46-9963-4953-A47F-73038230B257}"
EndProject
Project("{FAE04EC0-301F-11D3-BF4B-00C04F79EFBC}") = "App.Program.Generator", "src\App.Program.Generator\App.Program.Generator.csproj", "{81BEE6AE-0A2D-4857-839C-4C6C5F5FC52A}"
EndProject
Project("{FAE04EC0-301F-11D3-BF4B-00C04F79EFBC}") = "Tasks", "src\Tasks\Tasks.csproj", "{0A70BD5E-E9D8-439E-B3FF-A01C2F250670}"
EndProject
Project("{2150E333-8FDC-42A3-9474-1A3956D46DE8}") = "Services", "Services", "{04815A76-24C7-4481-830D-19ED8375AA18}"
EndProject
Project("{FAE04EC0-301F-11D3-BF4B-00C04F79EFBC}") = "Fitness", "src\Services\Fitness\Fitness.csproj", "{A63D42DF-83C2-4CF3-BC03-2F82D15F7122}"
EndProject
Project("{FAE04EC0-301F-11D3-BF4B-00C04F79EFBC}") = "Strategies.Evolution", "src\Services\Strategies.Evolution\Strategies.Evolution.csproj", "{E2AD2A81-C4B1-4996-A28F-532421DB3423}"
EndProject
Project("{FAE04EC0-301F-11D3-BF4B-00C04F79EFBC}") = "Interpreter", "src\Services\Interpreter\Interpreter.csproj", "{C9340BBC-8066-459F-B79F-1DE8DFDBEE39}"
EndProject
Project("{FAE04EC0-301F-11D3-BF4B-00C04F79EFBC}") = "App.Interpreter", "src\App.Interpreter\App.Interpreter.csproj", "{B2E282C5-FE66-461F-8DF2-3E006CEE0283}"
EndProject
Project("{FAE04EC0-301F-11D3-BF4B-00C04F79EFBC}") = "App.Evolution.Strategies", "src\App.Evolution.Strategies\App.Evolution.Strategies.csproj", "{A08FB4C5-9E4E-4A8E-894A-C8AEA9BEF475}"
EndProject
Project("{FAE04EC0-301F-11D3-BF4B-00C04F79EFBC}") = "Solvers", "src\Services\Solvers\Solvers.csproj", "{924FE536-16DD-419E-83F4-5873283117B9}"
EndProject
Project("{2150E333-8FDC-42A3-9474-1A3956D46DE8}") = "Domain", "Domain", "{4F9EDE38-8714-4807-855F-9C2C704D7DAD}"
EndProject
Project("{FAE04EC0-301F-11D3-BF4B-00C04F79EFBC}") = "Model", "src\Domain\Model\Model.csproj", "{858900D0-4A56-48A7-BBA8-694AF7C4B60C}"
EndProject
Project("{FAE04EC0-301F-11D3-BF4B-00C04F79EFBC}") = "Serialization", "src\Services\Serialization\Serialization.csproj", "{A401424B-4D97-4800-989C-3F8EDA697D73}"
EndProject
Project("{FAE04EC0-301F-11D3-BF4B-00C04F79EFBC}") = "Interpreter.Tests", "tests\Interpreter.Tests\Interpreter.Tests.csproj", "{24AA63A0-7647-4E1D-AFE7-89F9D3FE5ACA}"
EndProject
Project("{FAE04EC0-301F-11D3-BF4B-00C04F79EFBC}") = "Strategies.Evolution.Tests", "tests\Strategies.Evolution.Tests\Strategies.Evolution.Tests.csproj", "{3F4DE8F5-5D63-4B13-918A-FE69E7BFCDB8}"
EndProject
Project("{FAE04EC0-301F-11D3-BF4B-00C04F79EFBC}") = "Program.Generator.Tests", "tests\Program.Generator.Tests\Program.Generator.Tests.csproj", "{C47191A4-1167-4B2E-B853-B0212887EBF1}"
EndProject
Project("{FAE04EC0-301F-11D3-BF4B-00C04F79EFBC}") = "Evaluators.Tests", "tests\Evaluators.Tests\Evaluators.Tests.csproj", "{707405A2-9DB4-4211-A810-D1702BE7250D}"
EndProject
Project("{FAE04EC0-301F-11D3-BF4B-00C04F79EFBC}") = "Serialization.Tests", "tests\Serialization.Tests\Serialization.Tests.csproj", "{948EC434-97B4-4471-8320-3966DD4D62E2}"
EndProject
Project("{FAE04EC0-301F-11D3-BF4B-00C04F79EFBC}") = "Solvers.Tests", "tests\Solvers.Tests\Solvers.Tests.csproj", "{CB697764-ECC5-4829-833B-E422DB57D0B5}"
EndProject
Project("{FAE04EC0-301F-11D3-BF4B-00C04F79EFBC}") = "Tasks.Tests", "tests\Tasks.Tests\Tasks.Tests.csproj", "{0F1C1C90-26C3-46AD-AEEF-F6B2D0D630E4}"
EndProject
Project("{FAE04EC0-301F-11D3-BF4B-00C04F79EFBC}") = "Configuration", "src\Domain\Configuration\Configuration.csproj", "{0925ADB3-652F-4C8A-BF8F-CD7AE97E15C4}"
EndProject
Project("{FAE04EC0-301F-11D3-BF4B-00C04F79EFBC}") = "Solver.Configuration", "src\Services\Solver.Configuration\Solver.Configuration.csproj", "{4E1BA94C-174F-4C6B-8F53-94B521D47091}"
EndProject
Project("{FAE04EC0-301F-11D3-BF4B-00C04F79EFBC}") = "Configuration.Service.Tests", "tests\Configuration.Service.Tests\Configuration.Service.Tests.csproj", "{33350E2E-84F0-473B-8ADB-A8B53D89E322}"
EndProject
Project("{FAE04EC0-301F-11D3-BF4B-00C04F79EFBC}") = "Generators.Program", "src\Services\Generators.Program\Generators.Program.csproj", "{ED6D12DC-86DB-4B95-B60B-B7B9C700F837}"
EndProject
Project("{FAE04EC0-301F-11D3-BF4B-00C04F79EFBC}") = "File", "src\Services\File\File.csproj", "{33C1E16F-FDFC-41B7-B59F-5DC2B5954527}"
EndProject
Global
	GlobalSection(SolutionConfigurationPlatforms) = preSolution
		Debug|Any CPU = Debug|Any CPU
		Release|Any CPU = Release|Any CPU
	EndGlobalSection
	GlobalSection(ProjectConfigurationPlatforms) = postSolution
		{6537CA0A-1D6F-4213-AE3B-43043A490A65}.Debug|Any CPU.ActiveCfg = Debug|Any CPU
		{6537CA0A-1D6F-4213-AE3B-43043A490A65}.Debug|Any CPU.Build.0 = Debug|Any CPU
		{6537CA0A-1D6F-4213-AE3B-43043A490A65}.Release|Any CPU.ActiveCfg = Release|Any CPU
		{6537CA0A-1D6F-4213-AE3B-43043A490A65}.Release|Any CPU.Build.0 = Release|Any CPU
		{8EB66D46-9963-4953-A47F-73038230B257}.Debug|Any CPU.ActiveCfg = Debug|Any CPU
		{8EB66D46-9963-4953-A47F-73038230B257}.Debug|Any CPU.Build.0 = Debug|Any CPU
		{8EB66D46-9963-4953-A47F-73038230B257}.Release|Any CPU.ActiveCfg = Release|Any CPU
		{8EB66D46-9963-4953-A47F-73038230B257}.Release|Any CPU.Build.0 = Release|Any CPU
		{81BEE6AE-0A2D-4857-839C-4C6C5F5FC52A}.Debug|Any CPU.ActiveCfg = Debug|Any CPU
		{81BEE6AE-0A2D-4857-839C-4C6C5F5FC52A}.Debug|Any CPU.Build.0 = Debug|Any CPU
		{81BEE6AE-0A2D-4857-839C-4C6C5F5FC52A}.Release|Any CPU.ActiveCfg = Release|Any CPU
		{81BEE6AE-0A2D-4857-839C-4C6C5F5FC52A}.Release|Any CPU.Build.0 = Release|Any CPU
		{0A70BD5E-E9D8-439E-B3FF-A01C2F250670}.Debug|Any CPU.ActiveCfg = Debug|Any CPU
		{0A70BD5E-E9D8-439E-B3FF-A01C2F250670}.Debug|Any CPU.Build.0 = Debug|Any CPU
		{0A70BD5E-E9D8-439E-B3FF-A01C2F250670}.Release|Any CPU.ActiveCfg = Release|Any CPU
		{0A70BD5E-E9D8-439E-B3FF-A01C2F250670}.Release|Any CPU.Build.0 = Release|Any CPU
		{A63D42DF-83C2-4CF3-BC03-2F82D15F7122}.Debug|Any CPU.ActiveCfg = Debug|Any CPU
		{A63D42DF-83C2-4CF3-BC03-2F82D15F7122}.Debug|Any CPU.Build.0 = Debug|Any CPU
		{A63D42DF-83C2-4CF3-BC03-2F82D15F7122}.Release|Any CPU.ActiveCfg = Release|Any CPU
		{A63D42DF-83C2-4CF3-BC03-2F82D15F7122}.Release|Any CPU.Build.0 = Release|Any CPU
		{E2AD2A81-C4B1-4996-A28F-532421DB3423}.Debug|Any CPU.ActiveCfg = Debug|Any CPU
		{E2AD2A81-C4B1-4996-A28F-532421DB3423}.Debug|Any CPU.Build.0 = Debug|Any CPU
		{E2AD2A81-C4B1-4996-A28F-532421DB3423}.Release|Any CPU.ActiveCfg = Release|Any CPU
		{E2AD2A81-C4B1-4996-A28F-532421DB3423}.Release|Any CPU.Build.0 = Release|Any CPU
		{C9340BBC-8066-459F-B79F-1DE8DFDBEE39}.Debug|Any CPU.ActiveCfg = Debug|Any CPU
		{C9340BBC-8066-459F-B79F-1DE8DFDBEE39}.Debug|Any CPU.Build.0 = Debug|Any CPU
		{C9340BBC-8066-459F-B79F-1DE8DFDBEE39}.Release|Any CPU.ActiveCfg = Release|Any CPU
		{C9340BBC-8066-459F-B79F-1DE8DFDBEE39}.Release|Any CPU.Build.0 = Release|Any CPU
		{B2E282C5-FE66-461F-8DF2-3E006CEE0283}.Debug|Any CPU.ActiveCfg = Debug|Any CPU
		{B2E282C5-FE66-461F-8DF2-3E006CEE0283}.Debug|Any CPU.Build.0 = Debug|Any CPU
		{B2E282C5-FE66-461F-8DF2-3E006CEE0283}.Release|Any CPU.ActiveCfg = Release|Any CPU
		{B2E282C5-FE66-461F-8DF2-3E006CEE0283}.Release|Any CPU.Build.0 = Release|Any CPU
		{A08FB4C5-9E4E-4A8E-894A-C8AEA9BEF475}.Debug|Any CPU.ActiveCfg = Debug|Any CPU
		{A08FB4C5-9E4E-4A8E-894A-C8AEA9BEF475}.Debug|Any CPU.Build.0 = Debug|Any CPU
		{A08FB4C5-9E4E-4A8E-894A-C8AEA9BEF475}.Release|Any CPU.ActiveCfg = Release|Any CPU
		{A08FB4C5-9E4E-4A8E-894A-C8AEA9BEF475}.Release|Any CPU.Build.0 = Release|Any CPU
		{924FE536-16DD-419E-83F4-5873283117B9}.Debug|Any CPU.ActiveCfg = Debug|Any CPU
		{924FE536-16DD-419E-83F4-5873283117B9}.Debug|Any CPU.Build.0 = Debug|Any CPU
		{924FE536-16DD-419E-83F4-5873283117B9}.Release|Any CPU.ActiveCfg = Release|Any CPU
		{924FE536-16DD-419E-83F4-5873283117B9}.Release|Any CPU.Build.0 = Release|Any CPU
		{858900D0-4A56-48A7-BBA8-694AF7C4B60C}.Debug|Any CPU.ActiveCfg = Debug|Any CPU
		{858900D0-4A56-48A7-BBA8-694AF7C4B60C}.Debug|Any CPU.Build.0 = Debug|Any CPU
		{858900D0-4A56-48A7-BBA8-694AF7C4B60C}.Release|Any CPU.ActiveCfg = Release|Any CPU
		{858900D0-4A56-48A7-BBA8-694AF7C4B60C}.Release|Any CPU.Build.0 = Release|Any CPU
		{A401424B-4D97-4800-989C-3F8EDA697D73}.Debug|Any CPU.ActiveCfg = Debug|Any CPU
		{A401424B-4D97-4800-989C-3F8EDA697D73}.Debug|Any CPU.Build.0 = Debug|Any CPU
		{A401424B-4D97-4800-989C-3F8EDA697D73}.Release|Any CPU.ActiveCfg = Release|Any CPU
		{A401424B-4D97-4800-989C-3F8EDA697D73}.Release|Any CPU.Build.0 = Release|Any CPU
		{24AA63A0-7647-4E1D-AFE7-89F9D3FE5ACA}.Debug|Any CPU.ActiveCfg = Debug|Any CPU
		{24AA63A0-7647-4E1D-AFE7-89F9D3FE5ACA}.Debug|Any CPU.Build.0 = Debug|Any CPU
		{24AA63A0-7647-4E1D-AFE7-89F9D3FE5ACA}.Release|Any CPU.ActiveCfg = Release|Any CPU
		{24AA63A0-7647-4E1D-AFE7-89F9D3FE5ACA}.Release|Any CPU.Build.0 = Release|Any CPU
		{3F4DE8F5-5D63-4B13-918A-FE69E7BFCDB8}.Debug|Any CPU.ActiveCfg = Debug|Any CPU
		{3F4DE8F5-5D63-4B13-918A-FE69E7BFCDB8}.Debug|Any CPU.Build.0 = Debug|Any CPU
		{3F4DE8F5-5D63-4B13-918A-FE69E7BFCDB8}.Release|Any CPU.ActiveCfg = Release|Any CPU
		{3F4DE8F5-5D63-4B13-918A-FE69E7BFCDB8}.Release|Any CPU.Build.0 = Release|Any CPU
		{C47191A4-1167-4B2E-B853-B0212887EBF1}.Debug|Any CPU.ActiveCfg = Debug|Any CPU
		{C47191A4-1167-4B2E-B853-B0212887EBF1}.Debug|Any CPU.Build.0 = Debug|Any CPU
		{C47191A4-1167-4B2E-B853-B0212887EBF1}.Release|Any CPU.ActiveCfg = Release|Any CPU
		{C47191A4-1167-4B2E-B853-B0212887EBF1}.Release|Any CPU.Build.0 = Release|Any CPU
		{707405A2-9DB4-4211-A810-D1702BE7250D}.Debug|Any CPU.ActiveCfg = Debug|Any CPU
		{707405A2-9DB4-4211-A810-D1702BE7250D}.Debug|Any CPU.Build.0 = Debug|Any CPU
		{707405A2-9DB4-4211-A810-D1702BE7250D}.Release|Any CPU.ActiveCfg = Release|Any CPU
		{707405A2-9DB4-4211-A810-D1702BE7250D}.Release|Any CPU.Build.0 = Release|Any CPU
		{948EC434-97B4-4471-8320-3966DD4D62E2}.Debug|Any CPU.ActiveCfg = Debug|Any CPU
		{948EC434-97B4-4471-8320-3966DD4D62E2}.Debug|Any CPU.Build.0 = Debug|Any CPU
		{948EC434-97B4-4471-8320-3966DD4D62E2}.Release|Any CPU.ActiveCfg = Release|Any CPU
		{948EC434-97B4-4471-8320-3966DD4D62E2}.Release|Any CPU.Build.0 = Release|Any CPU
		{CB697764-ECC5-4829-833B-E422DB57D0B5}.Debug|Any CPU.ActiveCfg = Debug|Any CPU
		{CB697764-ECC5-4829-833B-E422DB57D0B5}.Debug|Any CPU.Build.0 = Debug|Any CPU
		{CB697764-ECC5-4829-833B-E422DB57D0B5}.Release|Any CPU.ActiveCfg = Release|Any CPU
		{CB697764-ECC5-4829-833B-E422DB57D0B5}.Release|Any CPU.Build.0 = Release|Any CPU
		{0F1C1C90-26C3-46AD-AEEF-F6B2D0D630E4}.Debug|Any CPU.ActiveCfg = Debug|Any CPU
		{0F1C1C90-26C3-46AD-AEEF-F6B2D0D630E4}.Debug|Any CPU.Build.0 = Debug|Any CPU
		{0F1C1C90-26C3-46AD-AEEF-F6B2D0D630E4}.Release|Any CPU.ActiveCfg = Release|Any CPU
		{0F1C1C90-26C3-46AD-AEEF-F6B2D0D630E4}.Release|Any CPU.Build.0 = Release|Any CPU
		{0925ADB3-652F-4C8A-BF8F-CD7AE97E15C4}.Debug|Any CPU.ActiveCfg = Debug|Any CPU
		{0925ADB3-652F-4C8A-BF8F-CD7AE97E15C4}.Debug|Any CPU.Build.0 = Debug|Any CPU
		{0925ADB3-652F-4C8A-BF8F-CD7AE97E15C4}.Release|Any CPU.ActiveCfg = Release|Any CPU
		{0925ADB3-652F-4C8A-BF8F-CD7AE97E15C4}.Release|Any CPU.Build.0 = Release|Any CPU
		{4E1BA94C-174F-4C6B-8F53-94B521D47091}.Debug|Any CPU.ActiveCfg = Debug|Any CPU
		{4E1BA94C-174F-4C6B-8F53-94B521D47091}.Debug|Any CPU.Build.0 = Debug|Any CPU
		{4E1BA94C-174F-4C6B-8F53-94B521D47091}.Release|Any CPU.ActiveCfg = Release|Any CPU
		{4E1BA94C-174F-4C6B-8F53-94B521D47091}.Release|Any CPU.Build.0 = Release|Any CPU
		{33350E2E-84F0-473B-8ADB-A8B53D89E322}.Debug|Any CPU.ActiveCfg = Debug|Any CPU
		{33350E2E-84F0-473B-8ADB-A8B53D89E322}.Debug|Any CPU.Build.0 = Debug|Any CPU
		{33350E2E-84F0-473B-8ADB-A8B53D89E322}.Release|Any CPU.ActiveCfg = Release|Any CPU
		{33350E2E-84F0-473B-8ADB-A8B53D89E322}.Release|Any CPU.Build.0 = Release|Any CPU
		{ED6D12DC-86DB-4B95-B60B-B7B9C700F837}.Debug|Any CPU.ActiveCfg = Debug|Any CPU
		{ED6D12DC-86DB-4B95-B60B-B7B9C700F837}.Debug|Any CPU.Build.0 = Debug|Any CPU
		{ED6D12DC-86DB-4B95-B60B-B7B9C700F837}.Release|Any CPU.ActiveCfg = Release|Any CPU
		{ED6D12DC-86DB-4B95-B60B-B7B9C700F837}.Release|Any CPU.Build.0 = Release|Any CPU
		{33C1E16F-FDFC-41B7-B59F-5DC2B5954527}.Debug|Any CPU.ActiveCfg = Debug|Any CPU
		{33C1E16F-FDFC-41B7-B59F-5DC2B5954527}.Debug|Any CPU.Build.0 = Debug|Any CPU
		{33C1E16F-FDFC-41B7-B59F-5DC2B5954527}.Release|Any CPU.ActiveCfg = Release|Any CPU
		{33C1E16F-FDFC-41B7-B59F-5DC2B5954527}.Release|Any CPU.Build.0 = Release|Any CPU
	EndGlobalSection
	GlobalSection(NestedProjects) = preSolution
		{6537CA0A-1D6F-4213-AE3B-43043A490A65} = {1870A907-7094-4F67-9140-C365A487DEFC}
		{8EB66D46-9963-4953-A47F-73038230B257} = {1870A907-7094-4F67-9140-C365A487DEFC}
		{81BEE6AE-0A2D-4857-839C-4C6C5F5FC52A} = {1870A907-7094-4F67-9140-C365A487DEFC}
		{04815A76-24C7-4481-830D-19ED8375AA18} = {1870A907-7094-4F67-9140-C365A487DEFC}
		{0A70BD5E-E9D8-439E-B3FF-A01C2F250670} = {04815A76-24C7-4481-830D-19ED8375AA18}
		{A63D42DF-83C2-4CF3-BC03-2F82D15F7122} = {04815A76-24C7-4481-830D-19ED8375AA18}
		{E2AD2A81-C4B1-4996-A28F-532421DB3423} = {04815A76-24C7-4481-830D-19ED8375AA18}
		{C9340BBC-8066-459F-B79F-1DE8DFDBEE39} = {04815A76-24C7-4481-830D-19ED8375AA18}
		{B2E282C5-FE66-461F-8DF2-3E006CEE0283} = {1870A907-7094-4F67-9140-C365A487DEFC}
		{A08FB4C5-9E4E-4A8E-894A-C8AEA9BEF475} = {1870A907-7094-4F67-9140-C365A487DEFC}
		{924FE536-16DD-419E-83F4-5873283117B9} = {04815A76-24C7-4481-830D-19ED8375AA18}
		{4F9EDE38-8714-4807-855F-9C2C704D7DAD} = {1870A907-7094-4F67-9140-C365A487DEFC}
		{858900D0-4A56-48A7-BBA8-694AF7C4B60C} = {4F9EDE38-8714-4807-855F-9C2C704D7DAD}
		{A401424B-4D97-4800-989C-3F8EDA697D73} = {04815A76-24C7-4481-830D-19ED8375AA18}
		{24AA63A0-7647-4E1D-AFE7-89F9D3FE5ACA} = {FDDC1939-C026-4277-B19D-379748E0E74D}
		{3F4DE8F5-5D63-4B13-918A-FE69E7BFCDB8} = {FDDC1939-C026-4277-B19D-379748E0E74D}
		{C47191A4-1167-4B2E-B853-B0212887EBF1} = {FDDC1939-C026-4277-B19D-379748E0E74D}
		{707405A2-9DB4-4211-A810-D1702BE7250D} = {FDDC1939-C026-4277-B19D-379748E0E74D}
		{948EC434-97B4-4471-8320-3966DD4D62E2} = {FDDC1939-C026-4277-B19D-379748E0E74D}
		{CB697764-ECC5-4829-833B-E422DB57D0B5} = {FDDC1939-C026-4277-B19D-379748E0E74D}
		{0F1C1C90-26C3-46AD-AEEF-F6B2D0D630E4} = {FDDC1939-C026-4277-B19D-379748E0E74D}
		{0925ADB3-652F-4C8A-BF8F-CD7AE97E15C4} = {4F9EDE38-8714-4807-855F-9C2C704D7DAD}
		{4E1BA94C-174F-4C6B-8F53-94B521D47091} = {04815A76-24C7-4481-830D-19ED8375AA18}
		{33350E2E-84F0-473B-8ADB-A8B53D89E322} = {FDDC1939-C026-4277-B19D-379748E0E74D}
		{ED6D12DC-86DB-4B95-B60B-B7B9C700F837} = {04815A76-24C7-4481-830D-19ED8375AA18}
		{33C1E16F-FDFC-41B7-B59F-5DC2B5954527} = {04815A76-24C7-4481-830D-19ED8375AA18}
	EndGlobalSection
EndGlobal
