
Microsoft Visual Studio Solution File, Format Version 12.00
# Visual Studio Version 17
VisualStudioVersion = 17.8.34330.188
MinimumVisualStudioVersion = 10.0.40219.1
Project("{2150E333-8FDC-42A3-9474-1A3956D46DE8}") = "demo", "demo", "{59119EEE-6014-4027-869B-BC81DE19D0B8}"
EndProject
Project("{2150E333-8FDC-42A3-9474-1A3956D46DE8}") = "src", "src", "{1870A907-7094-4F67-9140-C365A487DEFC}"
EndProject
Project("{2150E333-8FDC-42A3-9474-1A3956D46DE8}") = "tests", "tests", "{FDDC1939-C026-4277-B19D-379748E0E74D}"
EndProject
Project("{9A19103F-16F7-4668-BE54-9A1E7A4F7556}") = "App", "src\App\App.csproj", "{6537CA0A-1D6F-4213-AE3B-43043A490A65}"
EndProject
Project("{9A19103F-16F7-4668-BE54-9A1E7A4F7556}") = "App.Tasks.Generator", "src\App.Tasks.Generator\App.Tasks.Generator.csproj", "{8EB66D46-9963-4953-A47F-73038230B257}"
EndProject
Project("{9A19103F-16F7-4668-BE54-9A1E7A4F7556}") = "App.Program.Generator", "src\App.Program.Generator\App.Program.Generator.csproj", "{81BEE6AE-0A2D-4857-839C-4C6C5F5FC52A}"
EndProject
Project("{9A19103F-16F7-4668-BE54-9A1E7A4F7556}") = "Tasks", "src\Services\Tasks\Tasks.csproj", "{0A70BD5E-E9D8-439E-B3FF-A01C2F250670}"
EndProject
Project("{2150E333-8FDC-42A3-9474-1A3956D46DE8}") = "Services", "Services", "{04815A76-24C7-4481-830D-19ED8375AA18}"
EndProject
Project("{9A19103F-16F7-4668-BE54-9A1E7A4F7556}") = "Fitness", "src\Services\Fitness\Fitness.csproj", "{A63D42DF-83C2-4CF3-BC03-2F82D15F7122}"
EndProject
Project("{9A19103F-16F7-4668-BE54-9A1E7A4F7556}") = "Strategies.Evolution", "src\Services\Strategies.Evolution\Strategies.Evolution.csproj", "{E2AD2A81-C4B1-4996-A28F-532421DB3423}"
EndProject
Project("{9A19103F-16F7-4668-BE54-9A1E7A4F7556}") = "Interpreter", "src\Services\Interpreter\Interpreter.csproj", "{C9340BBC-8066-459F-B79F-1DE8DFDBEE39}"
EndProject
Project("{9A19103F-16F7-4668-BE54-9A1E7A4F7556}") = "App.Interpreter", "src\App.Interpreter\App.Interpreter.csproj", "{B2E282C5-FE66-461F-8DF2-3E006CEE0283}"
EndProject
Project("{9A19103F-16F7-4668-BE54-9A1E7A4F7556}") = "App.Evolution.Strategies", "src\App.Evolution.Strategies\App.Evolution.Strategies.csproj", "{A08FB4C5-9E4E-4A8E-894A-C8AEA9BEF475}"
EndProject
Project("{9A19103F-16F7-4668-BE54-9A1E7A4F7556}") = "Solvers", "src\Services\Solvers\Solvers.csproj", "{924FE536-16DD-419E-83F4-5873283117B9}"
EndProject
Project("{2150E333-8FDC-42A3-9474-1A3956D46DE8}") = "Domain", "Domain", "{4F9EDE38-8714-4807-855F-9C2C704D7DAD}"
EndProject
Project("{9A19103F-16F7-4668-BE54-9A1E7A4F7556}") = "Model", "src\Domain\Model\Model.csproj", "{858900D0-4A56-48A7-BBA8-694AF7C4B60C}"
EndProject
Project("{9A19103F-16F7-4668-BE54-9A1E7A4F7556}") = "Serialization", "src\Services\Serialization\Serialization.csproj", "{A401424B-4D97-4800-989C-3F8EDA697D73}"
EndProject
Project("{9A19103F-16F7-4668-BE54-9A1E7A4F7556}") = "Interpreter.Tests", "tests\Interpreter.Tests\Interpreter.Tests.csproj", "{24AA63A0-7647-4E1D-AFE7-89F9D3FE5ACA}"
EndProject
Project("{9A19103F-16F7-4668-BE54-9A1E7A4F7556}") = "Strategies.Evolution.Tests", "tests\Strategies.Evolution.Tests\Strategies.Evolution.Tests.csproj", "{3F4DE8F5-5D63-4B13-918A-FE69E7BFCDB8}"
EndProject
Project("{9A19103F-16F7-4668-BE54-9A1E7A4F7556}") = "Program.Generator.Tests", "tests\Program.Generator.Tests\Program.Generator.Tests.csproj", "{C47191A4-1167-4B2E-B853-B0212887EBF1}"
EndProject
Project("{9A19103F-16F7-4668-BE54-9A1E7A4F7556}") = "Evaluators.Tests", "tests\Evaluators.Tests\Evaluators.Tests.csproj", "{707405A2-9DB4-4211-A810-D1702BE7250D}"
EndProject
Project("{9A19103F-16F7-4668-BE54-9A1E7A4F7556}") = "Serialization.Tests", "tests\Serialization.Tests\Serialization.Tests.csproj", "{948EC434-97B4-4471-8320-3966DD4D62E2}"
EndProject
Project("{9A19103F-16F7-4668-BE54-9A1E7A4F7556}") = "Solvers.Tests", "tests\Solvers.Tests\Solvers.Tests.csproj", "{CB697764-ECC5-4829-833B-E422DB57D0B5}"
EndProject
Project("{9A19103F-16F7-4668-BE54-9A1E7A4F7556}") = "Tasks.Tests", "tests\Tasks.Tests\Tasks.Tests.csproj", "{0F1C1C90-26C3-46AD-AEEF-F6B2D0D630E4}"
EndProject
Project("{9A19103F-16F7-4668-BE54-9A1E7A4F7556}") = "Configuration.Model", "src\Domain\Configuration.Model\Configuration.Model.csproj", "{0925ADB3-652F-4C8A-BF8F-CD7AE97E15C4}"
EndProject
Project("{9A19103F-16F7-4668-BE54-9A1E7A4F7556}") = "Configuration", "src\Services\Configuration\Configuration.csproj", "{4E1BA94C-174F-4C6B-8F53-94B521D47091}"
EndProject
Project("{9A19103F-16F7-4668-BE54-9A1E7A4F7556}") = "Configuration.Service.Tests", "tests\Configuration.Service.Tests\Configuration.Service.Tests.csproj", "{33350E2E-84F0-473B-8ADB-A8B53D89E322}"
EndProject
Project("{9A19103F-16F7-4668-BE54-9A1E7A4F7556}") = "Generators.Program", "src\Services\Generators.Program\Generators.Program.csproj", "{ED6D12DC-86DB-4B95-B60B-B7B9C700F837}"
EndProject
Project("{9A19103F-16F7-4668-BE54-9A1E7A4F7556}") = "File", "src\Services\File\File.csproj", "{33C1E16F-FDFC-41B7-B59F-5DC2B5954527}"
EndProject
Project("{9A19103F-16F7-4668-BE54-9A1E7A4F7556}") = "Utils", "src\Services\Utils\Utils.csproj", "{7E8E6427-581E-457D-9D41-DBA689C53069}"
EndProject
Project("{9A19103F-16F7-4668-BE54-9A1E7A4F7556}") = "LangTests", "demo\LangTests\LangTests.csproj", "{D1D21A4B-E2AA-426E-B82C-01480E7B6C77}"
EndProject
Project("{9A19103F-16F7-4668-BE54-9A1E7A4F7556}") = "Configuration.Solver", "src\Domain\Configuration.Solver\Configuration.Solver.csproj", "{9503B6F2-1B44-4629-B1DF-A600C2D479E9}"
EndProject
Project("{9A19103F-16F7-4668-BE54-9A1E7A4F7556}") = "Configuration.App", "src\Domain\Configuration.App\Configuration.App.csproj", "{DA99BFB4-B143-465A-8FC6-50AC42E66452}"
EndProject
Project("{2150E333-8FDC-42A3-9474-1A3956D46DE8}") = "diagrams", "diagrams", "{DAE472F1-E7F5-47FC-8F9B-14C27E909279}"
	ProjectSection(SolutionItems) = preProject
		diagrams\Model.png = diagrams\Model.png
		diagrams\ModelV2.png = diagrams\ModelV2.png
		diagrams\Interactive.Genetic.Programming.Environment.argr = diagrams\Interactive.Genetic.Programming.Environment.argr
	EndProjectSection
EndProject
Project("{FAE04EC0-301F-11D3-BF4B-00C04F79EFBC}") = "Shared", "src\Domain\Shared\Shared.csproj", "{C0790D5A-95B0-487E-9F54-EEC9FEC10428}"
EndProject
Project("{FAE04EC0-301F-11D3-BF4B-00C04F79EFBC}") = "History", "src\Services\History\History.csproj", "{E2CDAC1F-4C40-43CB-B456-C90D6C053D4C}"
EndProject
Project("{FAE04EC0-301F-11D3-BF4B-00C04F79EFBC}") = "Database", "src\Services\Database\Database.csproj", "{29F40DF1-8461-4F6E-BF16-FAFA5EFFFF7D}"
EndProject
Project("{2150E333-8FDC-42A3-9474-1A3956D46DE8}") = "docker", "docker", "{196CE699-118B-4114-B848-4E304C18A54A}"
	ProjectSection(SolutionItems) = preProject
		docker\infrastructure.yaml = docker\infrastructure.yaml
	EndProjectSection
EndProject
Project("{FAE04EC0-301F-11D3-BF4B-00C04F79EFBC}") = "Solution", "src\Services\Solution\Solution.csproj", "{FA9C2897-894B-4DB9-92BA-E43B5E9823A7}"
EndProject
Project("{FAE04EC0-301F-11D3-BF4B-00C04F79EFBC}") = "Configuration.Logging", "src\Domain\Configuration.Logging\Configuration.Logging.csproj", "{72222CB7-539E-4A94-9F55-308C6170D442}"
EndProject
Project("{FAE04EC0-301F-11D3-BF4B-00C04F79EFBC}") = "App.Fitness.Function", "src\App.Fitness.Function\App.Fitness.Function.csproj", "{A712F112-9F32-4C9C-A9EE-C8BBD037721B}"
EndProject
Project("{FAE04EC0-301F-11D3-BF4B-00C04F79EFBC}") = "App.Solver", "src\App.Solver\App.Solver.csproj", "{F1F8DF5F-D4BC-4AFD-A740-279E22FAF8D0}"
EndProject
Project("{FAE04EC0-301F-11D3-BF4B-00C04F79EFBC}") = "App.Tasks.Serialisation", "src\App.Tasks.Serialisation\App.Tasks.Serialisation.csproj", "{45780806-2EC2-47AB-8D41-3066A49BAA77}"
EndProject
Global
	GlobalSection(SolutionConfigurationPlatforms) = preSolution
		Debug|Any CPU = Debug|Any CPU
		Release|Any CPU = Release|Any CPU
	EndGlobalSection
	GlobalSection(ProjectConfigurationPlatforms) = postSolution
		{6537CA0A-1D6F-4213-AE3B-43043A490A65}.Debug|Any CPU.ActiveCfg = Debug|Any CPU
		{6537CA0A-1D6F-4213-AE3B-43043A490A65}.Debug|Any CPU.Build.0 = Debug|Any CPU
		{6537CA0A-1D6F-4213-AE3B-43043A490A65}.Release|Any CPU.ActiveCfg = Release|Any CPU
		{6537CA0A-1D6F-4213-AE3B-43043A490A65}.Release|Any CPU.Build.0 = Release|Any CPU
		{8EB66D46-9963-4953-A47F-73038230B257}.Debug|Any CPU.ActiveCfg = Debug|Any CPU
		{8EB66D46-9963-4953-A47F-73038230B257}.Debug|Any CPU.Build.0 = Debug|Any CPU
		{8EB66D46-9963-4953-A47F-73038230B257}.Release|Any CPU.ActiveCfg = Release|Any CPU
		{8EB66D46-9963-4953-A47F-73038230B257}.Release|Any CPU.Build.0 = Release|Any CPU
		{81BEE6AE-0A2D-4857-839C-4C6C5F5FC52A}.Debug|Any CPU.ActiveCfg = Debug|Any CPU
		{81BEE6AE-0A2D-4857-839C-4C6C5F5FC52A}.Debug|Any CPU.Build.0 = Debug|Any CPU
		{81BEE6AE-0A2D-4857-839C-4C6C5F5FC52A}.Release|Any CPU.ActiveCfg = Release|Any CPU
		{81BEE6AE-0A2D-4857-839C-4C6C5F5FC52A}.Release|Any CPU.Build.0 = Release|Any CPU
		{0A70BD5E-E9D8-439E-B3FF-A01C2F250670}.Debug|Any CPU.ActiveCfg = Debug|Any CPU
		{0A70BD5E-E9D8-439E-B3FF-A01C2F250670}.Debug|Any CPU.Build.0 = Debug|Any CPU
		{0A70BD5E-E9D8-439E-B3FF-A01C2F250670}.Release|Any CPU.ActiveCfg = Release|Any CPU
		{0A70BD5E-E9D8-439E-B3FF-A01C2F250670}.Release|Any CPU.Build.0 = Release|Any CPU
		{A63D42DF-83C2-4CF3-BC03-2F82D15F7122}.Debug|Any CPU.ActiveCfg = Debug|Any CPU
		{A63D42DF-83C2-4CF3-BC03-2F82D15F7122}.Debug|Any CPU.Build.0 = Debug|Any CPU
		{A63D42DF-83C2-4CF3-BC03-2F82D15F7122}.Release|Any CPU.ActiveCfg = Release|Any CPU
		{A63D42DF-83C2-4CF3-BC03-2F82D15F7122}.Release|Any CPU.Build.0 = Release|Any CPU
		{E2AD2A81-C4B1-4996-A28F-532421DB3423}.Debug|Any CPU.ActiveCfg = Debug|Any CPU
		{E2AD2A81-C4B1-4996-A28F-532421DB3423}.Debug|Any CPU.Build.0 = Debug|Any CPU
		{E2AD2A81-C4B1-4996-A28F-532421DB3423}.Release|Any CPU.ActiveCfg = Release|Any CPU
		{E2AD2A81-C4B1-4996-A28F-532421DB3423}.Release|Any CPU.Build.0 = Release|Any CPU
		{C9340BBC-8066-459F-B79F-1DE8DFDBEE39}.Debug|Any CPU.ActiveCfg = Debug|Any CPU
		{C9340BBC-8066-459F-B79F-1DE8DFDBEE39}.Debug|Any CPU.Build.0 = Debug|Any CPU
		{C9340BBC-8066-459F-B79F-1DE8DFDBEE39}.Release|Any CPU.ActiveCfg = Release|Any CPU
		{C9340BBC-8066-459F-B79F-1DE8DFDBEE39}.Release|Any CPU.Build.0 = Release|Any CPU
		{B2E282C5-FE66-461F-8DF2-3E006CEE0283}.Debug|Any CPU.ActiveCfg = Debug|Any CPU
		{B2E282C5-FE66-461F-8DF2-3E006CEE0283}.Debug|Any CPU.Build.0 = Debug|Any CPU
		{B2E282C5-FE66-461F-8DF2-3E006CEE0283}.Release|Any CPU.ActiveCfg = Release|Any CPU
		{B2E282C5-FE66-461F-8DF2-3E006CEE0283}.Release|Any CPU.Build.0 = Release|Any CPU
		{A08FB4C5-9E4E-4A8E-894A-C8AEA9BEF475}.Debug|Any CPU.ActiveCfg = Debug|Any CPU
		{A08FB4C5-9E4E-4A8E-894A-C8AEA9BEF475}.Debug|Any CPU.Build.0 = Debug|Any CPU
		{A08FB4C5-9E4E-4A8E-894A-C8AEA9BEF475}.Release|Any CPU.ActiveCfg = Release|Any CPU
		{A08FB4C5-9E4E-4A8E-894A-C8AEA9BEF475}.Release|Any CPU.Build.0 = Release|Any CPU
		{924FE536-16DD-419E-83F4-5873283117B9}.Debug|Any CPU.ActiveCfg = Debug|Any CPU
		{924FE536-16DD-419E-83F4-5873283117B9}.Debug|Any CPU.Build.0 = Debug|Any CPU
		{924FE536-16DD-419E-83F4-5873283117B9}.Release|Any CPU.ActiveCfg = Release|Any CPU
		{924FE536-16DD-419E-83F4-5873283117B9}.Release|Any CPU.Build.0 = Release|Any CPU
		{858900D0-4A56-48A7-BBA8-694AF7C4B60C}.Debug|Any CPU.ActiveCfg = Debug|Any CPU
		{858900D0-4A56-48A7-BBA8-694AF7C4B60C}.Debug|Any CPU.Build.0 = Debug|Any CPU
		{858900D0-4A56-48A7-BBA8-694AF7C4B60C}.Release|Any CPU.ActiveCfg = Release|Any CPU
		{858900D0-4A56-48A7-BBA8-694AF7C4B60C}.Release|Any CPU.Build.0 = Release|Any CPU
		{A401424B-4D97-4800-989C-3F8EDA697D73}.Debug|Any CPU.ActiveCfg = Debug|Any CPU
		{A401424B-4D97-4800-989C-3F8EDA697D73}.Debug|Any CPU.Build.0 = Debug|Any CPU
		{A401424B-4D97-4800-989C-3F8EDA697D73}.Release|Any CPU.ActiveCfg = Release|Any CPU
		{A401424B-4D97-4800-989C-3F8EDA697D73}.Release|Any CPU.Build.0 = Release|Any CPU
		{24AA63A0-7647-4E1D-AFE7-89F9D3FE5ACA}.Debug|Any CPU.ActiveCfg = Debug|Any CPU
		{24AA63A0-7647-4E1D-AFE7-89F9D3FE5ACA}.Debug|Any CPU.Build.0 = Debug|Any CPU
		{24AA63A0-7647-4E1D-AFE7-89F9D3FE5ACA}.Release|Any CPU.ActiveCfg = Release|Any CPU
		{24AA63A0-7647-4E1D-AFE7-89F9D3FE5ACA}.Release|Any CPU.Build.0 = Release|Any CPU
		{3F4DE8F5-5D63-4B13-918A-FE69E7BFCDB8}.Debug|Any CPU.ActiveCfg = Debug|Any CPU
		{3F4DE8F5-5D63-4B13-918A-FE69E7BFCDB8}.Debug|Any CPU.Build.0 = Debug|Any CPU
		{3F4DE8F5-5D63-4B13-918A-FE69E7BFCDB8}.Release|Any CPU.ActiveCfg = Release|Any CPU
		{3F4DE8F5-5D63-4B13-918A-FE69E7BFCDB8}.Release|Any CPU.Build.0 = Release|Any CPU
		{C47191A4-1167-4B2E-B853-B0212887EBF1}.Debug|Any CPU.ActiveCfg = Debug|Any CPU
		{C47191A4-1167-4B2E-B853-B0212887EBF1}.Debug|Any CPU.Build.0 = Debug|Any CPU
		{C47191A4-1167-4B2E-B853-B0212887EBF1}.Release|Any CPU.ActiveCfg = Release|Any CPU
		{C47191A4-1167-4B2E-B853-B0212887EBF1}.Release|Any CPU.Build.0 = Release|Any CPU
		{707405A2-9DB4-4211-A810-D1702BE7250D}.Debug|Any CPU.ActiveCfg = Debug|Any CPU
		{707405A2-9DB4-4211-A810-D1702BE7250D}.Debug|Any CPU.Build.0 = Debug|Any CPU
		{707405A2-9DB4-4211-A810-D1702BE7250D}.Release|Any CPU.ActiveCfg = Release|Any CPU
		{707405A2-9DB4-4211-A810-D1702BE7250D}.Release|Any CPU.Build.0 = Release|Any CPU
		{948EC434-97B4-4471-8320-3966DD4D62E2}.Debug|Any CPU.ActiveCfg = Debug|Any CPU
		{948EC434-97B4-4471-8320-3966DD4D62E2}.Debug|Any CPU.Build.0 = Debug|Any CPU
		{948EC434-97B4-4471-8320-3966DD4D62E2}.Release|Any CPU.ActiveCfg = Release|Any CPU
		{948EC434-97B4-4471-8320-3966DD4D62E2}.Release|Any CPU.Build.0 = Release|Any CPU
		{CB697764-ECC5-4829-833B-E422DB57D0B5}.Debug|Any CPU.ActiveCfg = Debug|Any CPU
		{CB697764-ECC5-4829-833B-E422DB57D0B5}.Debug|Any CPU.Build.0 = Debug|Any CPU
		{CB697764-ECC5-4829-833B-E422DB57D0B5}.Release|Any CPU.ActiveCfg = Release|Any CPU
		{CB697764-ECC5-4829-833B-E422DB57D0B5}.Release|Any CPU.Build.0 = Release|Any CPU
		{0F1C1C90-26C3-46AD-AEEF-F6B2D0D630E4}.Debug|Any CPU.ActiveCfg = Debug|Any CPU
		{0F1C1C90-26C3-46AD-AEEF-F6B2D0D630E4}.Debug|Any CPU.Build.0 = Debug|Any CPU
		{0F1C1C90-26C3-46AD-AEEF-F6B2D0D630E4}.Release|Any CPU.ActiveCfg = Release|Any CPU
		{0F1C1C90-26C3-46AD-AEEF-F6B2D0D630E4}.Release|Any CPU.Build.0 = Release|Any CPU
		{0925ADB3-652F-4C8A-BF8F-CD7AE97E15C4}.Debug|Any CPU.ActiveCfg = Debug|Any CPU
		{0925ADB3-652F-4C8A-BF8F-CD7AE97E15C4}.Debug|Any CPU.Build.0 = Debug|Any CPU
		{0925ADB3-652F-4C8A-BF8F-CD7AE97E15C4}.Release|Any CPU.ActiveCfg = Release|Any CPU
		{0925ADB3-652F-4C8A-BF8F-CD7AE97E15C4}.Release|Any CPU.Build.0 = Release|Any CPU
		{4E1BA94C-174F-4C6B-8F53-94B521D47091}.Debug|Any CPU.ActiveCfg = Debug|Any CPU
		{4E1BA94C-174F-4C6B-8F53-94B521D47091}.Debug|Any CPU.Build.0 = Debug|Any CPU
		{4E1BA94C-174F-4C6B-8F53-94B521D47091}.Release|Any CPU.ActiveCfg = Release|Any CPU
		{4E1BA94C-174F-4C6B-8F53-94B521D47091}.Release|Any CPU.Build.0 = Release|Any CPU
		{33350E2E-84F0-473B-8ADB-A8B53D89E322}.Debug|Any CPU.ActiveCfg = Debug|Any CPU
		{33350E2E-84F0-473B-8ADB-A8B53D89E322}.Debug|Any CPU.Build.0 = Debug|Any CPU
		{33350E2E-84F0-473B-8ADB-A8B53D89E322}.Release|Any CPU.ActiveCfg = Release|Any CPU
		{33350E2E-84F0-473B-8ADB-A8B53D89E322}.Release|Any CPU.Build.0 = Release|Any CPU
		{ED6D12DC-86DB-4B95-B60B-B7B9C700F837}.Debug|Any CPU.ActiveCfg = Debug|Any CPU
		{ED6D12DC-86DB-4B95-B60B-B7B9C700F837}.Debug|Any CPU.Build.0 = Debug|Any CPU
		{ED6D12DC-86DB-4B95-B60B-B7B9C700F837}.Release|Any CPU.ActiveCfg = Release|Any CPU
		{ED6D12DC-86DB-4B95-B60B-B7B9C700F837}.Release|Any CPU.Build.0 = Release|Any CPU
		{33C1E16F-FDFC-41B7-B59F-5DC2B5954527}.Debug|Any CPU.ActiveCfg = Debug|Any CPU
		{33C1E16F-FDFC-41B7-B59F-5DC2B5954527}.Debug|Any CPU.Build.0 = Debug|Any CPU
		{33C1E16F-FDFC-41B7-B59F-5DC2B5954527}.Release|Any CPU.ActiveCfg = Release|Any CPU
		{33C1E16F-FDFC-41B7-B59F-5DC2B5954527}.Release|Any CPU.Build.0 = Release|Any CPU
		{7E8E6427-581E-457D-9D41-DBA689C53069}.Debug|Any CPU.ActiveCfg = Debug|Any CPU
		{7E8E6427-581E-457D-9D41-DBA689C53069}.Debug|Any CPU.Build.0 = Debug|Any CPU
		{7E8E6427-581E-457D-9D41-DBA689C53069}.Release|Any CPU.ActiveCfg = Release|Any CPU
		{7E8E6427-581E-457D-9D41-DBA689C53069}.Release|Any CPU.Build.0 = Release|Any CPU
		{D1D21A4B-E2AA-426E-B82C-01480E7B6C77}.Debug|Any CPU.ActiveCfg = Debug|Any CPU
		{D1D21A4B-E2AA-426E-B82C-01480E7B6C77}.Debug|Any CPU.Build.0 = Debug|Any CPU
		{D1D21A4B-E2AA-426E-B82C-01480E7B6C77}.Release|Any CPU.ActiveCfg = Release|Any CPU
		{D1D21A4B-E2AA-426E-B82C-01480E7B6C77}.Release|Any CPU.Build.0 = Release|Any CPU
		{9503B6F2-1B44-4629-B1DF-A600C2D479E9}.Debug|Any CPU.ActiveCfg = Debug|Any CPU
		{9503B6F2-1B44-4629-B1DF-A600C2D479E9}.Debug|Any CPU.Build.0 = Debug|Any CPU
		{9503B6F2-1B44-4629-B1DF-A600C2D479E9}.Release|Any CPU.ActiveCfg = Release|Any CPU
		{9503B6F2-1B44-4629-B1DF-A600C2D479E9}.Release|Any CPU.Build.0 = Release|Any CPU
		{DA99BFB4-B143-465A-8FC6-50AC42E66452}.Debug|Any CPU.ActiveCfg = Debug|Any CPU
		{DA99BFB4-B143-465A-8FC6-50AC42E66452}.Debug|Any CPU.Build.0 = Debug|Any CPU
		{DA99BFB4-B143-465A-8FC6-50AC42E66452}.Release|Any CPU.ActiveCfg = Release|Any CPU
		{DA99BFB4-B143-465A-8FC6-50AC42E66452}.Release|Any CPU.Build.0 = Release|Any CPU
		{C0790D5A-95B0-487E-9F54-EEC9FEC10428}.Debug|Any CPU.ActiveCfg = Debug|Any CPU
		{C0790D5A-95B0-487E-9F54-EEC9FEC10428}.Debug|Any CPU.Build.0 = Debug|Any CPU
		{C0790D5A-95B0-487E-9F54-EEC9FEC10428}.Release|Any CPU.ActiveCfg = Release|Any CPU
		{C0790D5A-95B0-487E-9F54-EEC9FEC10428}.Release|Any CPU.Build.0 = Release|Any CPU
		{E2CDAC1F-4C40-43CB-B456-C90D6C053D4C}.Debug|Any CPU.ActiveCfg = Debug|Any CPU
		{E2CDAC1F-4C40-43CB-B456-C90D6C053D4C}.Debug|Any CPU.Build.0 = Debug|Any CPU
		{E2CDAC1F-4C40-43CB-B456-C90D6C053D4C}.Release|Any CPU.ActiveCfg = Release|Any CPU
		{E2CDAC1F-4C40-43CB-B456-C90D6C053D4C}.Release|Any CPU.Build.0 = Release|Any CPU
		{29F40DF1-8461-4F6E-BF16-FAFA5EFFFF7D}.Debug|Any CPU.ActiveCfg = Debug|Any CPU
		{29F40DF1-8461-4F6E-BF16-FAFA5EFFFF7D}.Debug|Any CPU.Build.0 = Debug|Any CPU
		{29F40DF1-8461-4F6E-BF16-FAFA5EFFFF7D}.Release|Any CPU.ActiveCfg = Release|Any CPU
		{29F40DF1-8461-4F6E-BF16-FAFA5EFFFF7D}.Release|Any CPU.Build.0 = Release|Any CPU
		{FA9C2897-894B-4DB9-92BA-E43B5E9823A7}.Debug|Any CPU.ActiveCfg = Debug|Any CPU
		{FA9C2897-894B-4DB9-92BA-E43B5E9823A7}.Debug|Any CPU.Build.0 = Debug|Any CPU
		{FA9C2897-894B-4DB9-92BA-E43B5E9823A7}.Release|Any CPU.ActiveCfg = Release|Any CPU
		{FA9C2897-894B-4DB9-92BA-E43B5E9823A7}.Release|Any CPU.Build.0 = Release|Any CPU
		{72222CB7-539E-4A94-9F55-308C6170D442}.Debug|Any CPU.ActiveCfg = Debug|Any CPU
		{72222CB7-539E-4A94-9F55-308C6170D442}.Debug|Any CPU.Build.0 = Debug|Any CPU
		{72222CB7-539E-4A94-9F55-308C6170D442}.Release|Any CPU.ActiveCfg = Release|Any CPU
		{72222CB7-539E-4A94-9F55-308C6170D442}.Release|Any CPU.Build.0 = Release|Any CPU
		{A712F112-9F32-4C9C-A9EE-C8BBD037721B}.Debug|Any CPU.ActiveCfg = Debug|Any CPU
		{A712F112-9F32-4C9C-A9EE-C8BBD037721B}.Debug|Any CPU.Build.0 = Debug|Any CPU
		{A712F112-9F32-4C9C-A9EE-C8BBD037721B}.Release|Any CPU.ActiveCfg = Release|Any CPU
		{A712F112-9F32-4C9C-A9EE-C8BBD037721B}.Release|Any CPU.Build.0 = Release|Any CPU
		{F1F8DF5F-D4BC-4AFD-A740-279E22FAF8D0}.Debug|Any CPU.ActiveCfg = Debug|Any CPU
		{F1F8DF5F-D4BC-4AFD-A740-279E22FAF8D0}.Debug|Any CPU.Build.0 = Debug|Any CPU
		{F1F8DF5F-D4BC-4AFD-A740-279E22FAF8D0}.Release|Any CPU.ActiveCfg = Release|Any CPU
		{F1F8DF5F-D4BC-4AFD-A740-279E22FAF8D0}.Release|Any CPU.Build.0 = Release|Any CPU
		{45780806-2EC2-47AB-8D41-3066A49BAA77}.Debug|Any CPU.ActiveCfg = Debug|Any CPU
		{45780806-2EC2-47AB-8D41-3066A49BAA77}.Debug|Any CPU.Build.0 = Debug|Any CPU
		{45780806-2EC2-47AB-8D41-3066A49BAA77}.Release|Any CPU.ActiveCfg = Release|Any CPU
		{45780806-2EC2-47AB-8D41-3066A49BAA77}.Release|Any CPU.Build.0 = Release|Any CPU
	EndGlobalSection
	GlobalSection(SolutionProperties) = preSolution
		HideSolutionNode = FALSE
	EndGlobalSection
	GlobalSection(NestedProjects) = preSolution
		{6537CA0A-1D6F-4213-AE3B-43043A490A65} = {1870A907-7094-4F67-9140-C365A487DEFC}
		{8EB66D46-9963-4953-A47F-73038230B257} = {1870A907-7094-4F67-9140-C365A487DEFC}
		{81BEE6AE-0A2D-4857-839C-4C6C5F5FC52A} = {1870A907-7094-4F67-9140-C365A487DEFC}
		{0A70BD5E-E9D8-439E-B3FF-A01C2F250670} = {04815A76-24C7-4481-830D-19ED8375AA18}
		{04815A76-24C7-4481-830D-19ED8375AA18} = {1870A907-7094-4F67-9140-C365A487DEFC}
		{A63D42DF-83C2-4CF3-BC03-2F82D15F7122} = {04815A76-24C7-4481-830D-19ED8375AA18}
		{E2AD2A81-C4B1-4996-A28F-532421DB3423} = {04815A76-24C7-4481-830D-19ED8375AA18}
		{C9340BBC-8066-459F-B79F-1DE8DFDBEE39} = {04815A76-24C7-4481-830D-19ED8375AA18}
		{B2E282C5-FE66-461F-8DF2-3E006CEE0283} = {1870A907-7094-4F67-9140-C365A487DEFC}
		{A08FB4C5-9E4E-4A8E-894A-C8AEA9BEF475} = {1870A907-7094-4F67-9140-C365A487DEFC}
		{924FE536-16DD-419E-83F4-5873283117B9} = {04815A76-24C7-4481-830D-19ED8375AA18}
		{4F9EDE38-8714-4807-855F-9C2C704D7DAD} = {1870A907-7094-4F67-9140-C365A487DEFC}
		{858900D0-4A56-48A7-BBA8-694AF7C4B60C} = {4F9EDE38-8714-4807-855F-9C2C704D7DAD}
		{A401424B-4D97-4800-989C-3F8EDA697D73} = {04815A76-24C7-4481-830D-19ED8375AA18}
		{24AA63A0-7647-4E1D-AFE7-89F9D3FE5ACA} = {FDDC1939-C026-4277-B19D-379748E0E74D}
		{3F4DE8F5-5D63-4B13-918A-FE69E7BFCDB8} = {FDDC1939-C026-4277-B19D-379748E0E74D}
		{C47191A4-1167-4B2E-B853-B0212887EBF1} = {FDDC1939-C026-4277-B19D-379748E0E74D}
		{707405A2-9DB4-4211-A810-D1702BE7250D} = {FDDC1939-C026-4277-B19D-379748E0E74D}
		{948EC434-97B4-4471-8320-3966DD4D62E2} = {FDDC1939-C026-4277-B19D-379748E0E74D}
		{CB697764-ECC5-4829-833B-E422DB57D0B5} = {FDDC1939-C026-4277-B19D-379748E0E74D}
		{0F1C1C90-26C3-46AD-AEEF-F6B2D0D630E4} = {FDDC1939-C026-4277-B19D-379748E0E74D}
		{0925ADB3-652F-4C8A-BF8F-CD7AE97E15C4} = {4F9EDE38-8714-4807-855F-9C2C704D7DAD}
		{4E1BA94C-174F-4C6B-8F53-94B521D47091} = {04815A76-24C7-4481-830D-19ED8375AA18}
		{33350E2E-84F0-473B-8ADB-A8B53D89E322} = {FDDC1939-C026-4277-B19D-379748E0E74D}
		{ED6D12DC-86DB-4B95-B60B-B7B9C700F837} = {04815A76-24C7-4481-830D-19ED8375AA18}
		{33C1E16F-FDFC-41B7-B59F-5DC2B5954527} = {04815A76-24C7-4481-830D-19ED8375AA18}
		{7E8E6427-581E-457D-9D41-DBA689C53069} = {04815A76-24C7-4481-830D-19ED8375AA18}
		{D1D21A4B-E2AA-426E-B82C-01480E7B6C77} = {59119EEE-6014-4027-869B-BC81DE19D0B8}
		{9503B6F2-1B44-4629-B1DF-A600C2D479E9} = {4F9EDE38-8714-4807-855F-9C2C704D7DAD}
		{DA99BFB4-B143-465A-8FC6-50AC42E66452} = {4F9EDE38-8714-4807-855F-9C2C704D7DAD}
		{C0790D5A-95B0-487E-9F54-EEC9FEC10428} = {4F9EDE38-8714-4807-855F-9C2C704D7DAD}
		{E2CDAC1F-4C40-43CB-B456-C90D6C053D4C} = {04815A76-24C7-4481-830D-19ED8375AA18}
		{29F40DF1-8461-4F6E-BF16-FAFA5EFFFF7D} = {04815A76-24C7-4481-830D-19ED8375AA18}
		{FA9C2897-894B-4DB9-92BA-E43B5E9823A7} = {04815A76-24C7-4481-830D-19ED8375AA18}
		{72222CB7-539E-4A94-9F55-308C6170D442} = {4F9EDE38-8714-4807-855F-9C2C704D7DAD}
		{A712F112-9F32-4C9C-A9EE-C8BBD037721B} = {1870A907-7094-4F67-9140-C365A487DEFC}
		{F1F8DF5F-D4BC-4AFD-A740-279E22FAF8D0} = {1870A907-7094-4F67-9140-C365A487DEFC}
		{45780806-2EC2-47AB-8D41-3066A49BAA77} = {1870A907-7094-4F67-9140-C365A487DEFC}
	EndGlobalSection
	GlobalSection(ExtensibilityGlobals) = postSolution
		SolutionGuid = {941A4D69-ABD8-4467-83D5-081E14DB0002}
	EndGlobalSection
EndGlobal
